{
    "_meta": {
        "hash": {
            "sha256": "e6b6cc230e9eaaccb3235d565fd9d5513acc351f0a95778719150878141b155e"
        },
        "pipfile-spec": 6,
        "requires": {
            "python_version": "3.7"
        },
        "sources": [
            {
                "name": "pypi",
                "url": "https://pypi.org/simple",
                "verify_ssl": true
            }
        ]
    },
    "default": {
        "appdirs": {
            "hashes": [
                "sha256:7d5d0167b2b1ba821647616af46a749d1c653740dd0d2415100fe26e27afdf41",
                "sha256:a841dacd6b99318a741b166adb07e19ee71a274450e68237b4650ca1055ab128"
            ],
            "version": "==1.4.4"
        },
        "certifi": {
            "hashes": [
                "sha256:5930595817496dd21bb8dc35dad090f1c2cd0adfaf21204bf6732ca5d8ee34d3",
                "sha256:8fc0819f1f30ba15bdb34cceffb9ef04d99f420f68eb75d901e9560b8749fc41"
            ],
            "version": "==2020.6.20"
        },
        "cobra": {
            "hashes": [
                "sha256:d49cfb582fc5e2c9917617c0b0b8732de2e1df6f282b3ecdf23755176a339c58",
                "sha256:db3d8df2eab62b2aa2db75e8e85811c83b248071abf208c765f8f455cfaa88e2"
            ],
            "index": "pypi",
            "version": "==0.20.0"
        },
        "colorama": {
            "hashes": [
                "sha256:7d73d2a99753107a36ac6b455ee49046802e59d9d076ef8e47b61499fa29afff",
                "sha256:e96da0d330793e2cb9485e9ddfd918d456036c7149416295932478192f4436a1"
            ],
            "version": "==0.4.3"
        },
        "commonmark": {
            "hashes": [
                "sha256:452f9dc859be7f06631ddcb328b6919c67984aca654e5fefb3914d54691aed60",
                "sha256:da2f38c92590f83de410ba1a3cbceafbc74fee9def35f9251ba9a971d6d66fd9"
            ],
            "version": "==0.9.1"
        },
        "depinfo": {
            "hashes": [
                "sha256:6610b6eaa58b6914c692e606bd8b037bfade58167c1ea37e050fd4cae30db2c9",
                "sha256:a6b25e75ef32e317bbb5f750b8a62bbf90aa193ac8328646edac30856063f8bb"
            ],
            "version": "==1.6.0"
        },
        "diskcache": {
            "hashes": [
                "sha256:5f4bc2018d653a1d7bbdcdecce45ea12061bf8d3b5f0323b7a5402054a285c52",
                "sha256:ff4dc1e69d599dca8c23cecfcf69b23bfecae9c04aca424b4f02c511bb1438c2"
            ],
            "version": "==5.0.3"
        },
        "future": {
            "hashes": [
                "sha256:b1bead90b70cf6ec3f0710ae53a525360fa360d306a86583adc6bf83a4db537d"
            ],
            "version": "==0.18.2"
        },
        "h11": {
            "hashes": [
                "sha256:3c6c61d69c6f13d41f1b80ab0322f1872702a3ba26e12aa864c928f6a43fbaab",
                "sha256:ab6c335e1b6ef34b205d5ca3e228c9299cc7218b049819ec84a388c2525e5d87"
            ],
            "version": "==0.11.0"
        },
        "httpcore": {
            "hashes": [
                "sha256:18c4afcbfe884b635e59739105aed1692e132bc5d31597109f3c1c97e4ec1cac",
                "sha256:2526a38f31ac5967d38b7f593b5d8c4bd3fa82c21400402f866ba3312946acbf"
            ],
            "version": "==0.12.0"
        },
        "httpx": {
            "hashes": [
                "sha256:126424c279c842738805974687e0518a94c7ae8d140cd65b9c4f77ac46ffa537",
                "sha256:9cffb8ba31fac6536f2c8cde30df859013f59e4bcc5b8d43901cb3654a8e0a5b"
            ],
            "version": "==0.16.1"
        },
        "idna": {
            "hashes": [
                "sha256:b307872f855b18632ce0c21c5e45be78c0ea7ae4c15c828c20788b26921eb3f6",
                "sha256:b97d804b1e9b523befed77c48dacec60e6dcb0b5391d57af6a65a312a90648c0"
            ],
            "version": "==2.10"
        },
        "importlib-metadata": {
            "hashes": [
                "sha256:77a540690e24b0305878c37ffd421785a6f7e53c8b5720d211b211de8d0e95da",
                "sha256:cefa1a2f919b866c5beb7c9f7b0ebb4061f30a8a9bf16d609b000e2dfaceb9c3"
            ],
            "markers": "python_version < '3.8'",
            "version": "==2.0.0"
        },
        "importlib-resources": {
            "hashes": [
                "sha256:19f745a6eca188b490b1428c8d1d4a0d2368759f32370ea8fb89cad2ab1106c3",
                "sha256:d028f66b66c0d5732dae86ba4276999855e162a749c92620a38c1d779ed138a7"
            ],
            "version": "==3.0.0"
        },
        "mpmath": {
            "hashes": [
                "sha256:fc17abe05fbab3382b61a123c398508183406fa132e0223874578e20946499f6"
            ],
            "version": "==1.1.0"
        },
        "numpy": {
            "hashes": [
                "sha256:04c7d4ebc5ff93d9822075ddb1751ff392a4375e5885299445fcebf877f179d5",
                "sha256:0bfd85053d1e9f60234f28f63d4a5147ada7f432943c113a11afcf3e65d9d4c8",
                "sha256:0c66da1d202c52051625e55a249da35b31f65a81cb56e4c69af0dfb8fb0125bf",
                "sha256:0d310730e1e793527065ad7dde736197b705d0e4c9999775f212b03c44a8484c",
                "sha256:1669ec8e42f169ff715a904c9b2105b6640f3f2a4c4c2cb4920ae8b2785dac65",
                "sha256:2117536e968abb7357d34d754e3733b0d7113d4c9f1d921f21a3d96dec5ff716",
                "sha256:3733640466733441295b0d6d3dcbf8e1ffa7e897d4d82903169529fd3386919a",
                "sha256:4339741994c775396e1a274dba3609c69ab0f16056c1077f18979bec2a2c2e6e",
                "sha256:51ee93e1fac3fe08ef54ff1c7f329db64d8a9c5557e6c8e908be9497ac76374b",
                "sha256:54045b198aebf41bf6bf4088012777c1d11703bf74461d70cd350c0af2182e45",
                "sha256:58d66a6b3b55178a1f8a5fe98df26ace76260a70de694d99577ddeab7eaa9a9d",
                "sha256:59f3d687faea7a4f7f93bd9665e5b102f32f3fa28514f15b126f099b7997203d",
                "sha256:62139af94728d22350a571b7c82795b9d59be77fc162414ada6c8b6a10ef5d02",
                "sha256:7118f0a9f2f617f921ec7d278d981244ba83c85eea197be7c5a4f84af80a9c3c",
                "sha256:7c6646314291d8f5ea900a7ea9c4261f834b5b62159ba2abe3836f4fa6705526",
                "sha256:967c92435f0b3ba37a4257c48b8715b76741410467e2bdb1097e8391fccfae15",
                "sha256:9a3001248b9231ed73894c773142658bab914645261275f675d86c290c37f66d",
                "sha256:aba1d5daf1144b956bc87ffb87966791f5e9f3e1f6fab3d7f581db1f5b598f7a",
                "sha256:addaa551b298052c16885fc70408d3848d4e2e7352de4e7a1e13e691abc734c1",
                "sha256:b594f76771bc7fc8a044c5ba303427ee67c17a09b36e1fa32bde82f5c419d17a",
                "sha256:c35a01777f81e7333bcf276b605f39c872e28295441c265cd0c860f4b40148c1",
                "sha256:cebd4f4e64cfe87f2039e4725781f6326a61f095bc77b3716502bed812b385a9",
                "sha256:d526fa58ae4aead839161535d59ea9565863bb0b0bdb3cc63214613fb16aced4",
                "sha256:d7ac33585e1f09e7345aa902c281bd777fdb792432d27fca857f39b70e5dd31c",
                "sha256:e6ddbdc5113628f15de7e4911c02aed74a4ccff531842c583e5032f6e5a179bd",
                "sha256:eb25c381d168daf351147713f49c626030dcff7a393d5caa62515d415a6071d8"
            ],
            "version": "==1.19.2"
        },
        "optlang": {
            "hashes": [
                "sha256:3cff64dae1ebe8eaef6291c2d1b4f459d58f97ee73b4757e7584d764eb4a0031",
                "sha256:78ea36751832176d4819f29c4d2bc5a8ead2c15a3f5dcd5b67ab99e69fc155dc"
            ],
            "version": "==1.4.4"
        },
        "pandas": {
            "hashes": [
                "sha256:206d7c3e5356dcadf082e64dc25c24bc8541718045826074f96346e9d6d05a20",
                "sha256:24f61f40febe47edac271eda45d683e42838b7db2bd0f82574d9800259d2b182",
                "sha256:3a038cd5da602b955d335aa80cbaa0e5774f68501ff47b9c21509906981478da",
                "sha256:427be9938b2f79ab298de84f87693914cda238a27cf10580da96caf3dff64115",
                "sha256:54f5f564058b0280d588c3758abde82e280702c440db5faf0c686b80336096f9",
                "sha256:5a8a84b75ca3a29bb4263b35d5ed9fcaae2b062f014feed8c5daa897339c7d85",
                "sha256:84a4ffe668df357e31f98c829536e3a7142c3036c82f996e639f644c5d32eda1",
                "sha256:882012763668af54b48f1412bab95c5cc0a7ccce5a2a8221cfc3839a6e3394ef",
                "sha256:920d30fdff65a079f071db635d282b4f583c2b26f2b58d5dca218aac7c59974d",
                "sha256:a605054fbca71ed1d08bb2aef6f73c84a579bbac956bfe8f9718d5e84cb41248",
                "sha256:b11b496c317dbe007898de699fd59eaf687d0fe8c1b7dad109db6010155d28ae",
                "sha256:babbeda2f83b0686c9ad38d93b10516e68cdcd5771007eb80a763e98aaf44613",
                "sha256:c22e40f1b4d162ca18eb6b2c572e63eef220dbc9cc3de0241cefb77972621bb7",
                "sha256:ca31ac8578d48da354cf66a473d4d5ff99277ca71d321dc7ea4e6fad3c6bb0fd",
                "sha256:ca71a5aa9eeb3ef5b31feca7d9b6369d6b3d0b2e9c85d7a89abe3ecb013f1e86",
                "sha256:d6b1f9d506dc23da2915bcae5c5968990049c9cec44108bd9855d2c7c89d91dc",
                "sha256:d89dbc58aec1544722a8d5046f880b597c497ef8a82c5fe695b4b2effafac5ec",
                "sha256:df43ea0e9fd9f9672b0de9cac26d01255ad50481994bf3cb4687c21eec2d7bbc",
                "sha256:fd6f05b6101d0e76f3e5c26a47be5be7be96ed84ef3981dc1852e76898e73594"
            ],
            "version": "==1.1.3"
        },
        "pydantic": {
            "hashes": [
                "sha256:1783c1d927f9e1366e0e0609ae324039b2479a1a282a98ed6a6836c9ed02002c",
                "sha256:2dc946b07cf24bee4737ced0ae77e2ea6bc97489ba5a035b603bd1b40ad81f7e",
                "sha256:2de562a456c4ecdc80cf1a8c3e70c666625f7d02d89a6174ecf63754c734592e",
                "sha256:36dbf6f1be212ab37b5fda07667461a9219c956181aa5570a00edfb0acdfe4a1",
                "sha256:3fa799f3cfff3e5f536cbd389368fc96a44bb30308f258c94ee76b73bd60531d",
                "sha256:40d765fa2d31d5be8e29c1794657ad46f5ee583a565c83cea56630d3ae5878b9",
                "sha256:418b84654b60e44c0cdd5384294b0e4bc1ebf42d6e873819424f3b78b8690614",
                "sha256:4900b8820b687c9a3ed753684337979574df20e6ebe4227381d04b3c3c628f99",
                "sha256:530d7222a2786a97bc59ee0e0ebbe23728f82974b1f1ad9a11cd966143410633",
                "sha256:54122a8ed6b75fe1dd80797f8251ad2063ea348a03b77218d73ea9fe19bd4e73",
                "sha256:6c3f162ba175678218629f446a947e3356415b6b09122dcb364e58c442c645a7",
                "sha256:b49c86aecde15cde33835d5d6360e55f5e0067bb7143a8303bf03b872935c75b",
                "sha256:b5b3489cb303d0f41ad4a7390cf606a5f2c7a94dcba20c051cd1c653694cb14d",
                "sha256:cf3933c98cb5e808b62fae509f74f209730b180b1e3c3954ee3f7949e083a7df",
                "sha256:eb75dc1809875d5738df14b6566ccf9fd9c0bcde4f36b72870f318f16b9f5c20",
                "sha256:f769141ab0abfadf3305d4fcf36660e5cf568a666dd3efab7c3d4782f70946b1",
                "sha256:f8af9b840a9074e08c0e6dc93101de84ba95df89b267bf7151d74c553d66833b"
            ],
            "version": "==1.6.1"
        },
        "pygments": {
            "hashes": [
                "sha256:307543fe65c0947b126e83dd5a61bd8acbd84abec11f43caebaf5534cbc17998",
                "sha256:926c3f319eda178d1bd90851e4317e6d8cdb5e292a3386aac9bd75eca29cf9c7"
            ],
            "version": "==2.7.1"
        },
        "python-dateutil": {
            "hashes": [
                "sha256:73ebfe9dbf22e832286dafa60473e4cd239f8592f699aa5adaf10050e6e1823c",
                "sha256:75bb3f31ea686f1197762692a9ee6a7550b59fc6ca3a1f4b5d7e32fb98e2da2a"
            ],
            "version": "==2.8.1"
        },
        "python-libsbml-experimental": {
            "hashes": [
                "sha256:009afdd0ad513aa16f872403f8ad775d781aeefe24474da2a187f5e3a7aaf48b",
                "sha256:07a91fe3be1e002ea58a288f8f88d3b7950171af3f2e0040bb2f4d3cd159041e",
                "sha256:1687d5291593c755e5f6d9797bdf1ebc8aae059ff74dd602c8cacb8a8a786de4",
                "sha256:650480f55e3c0562ac85420d96d76af832bb17edebd6b941b4e60bac39ab49b5",
                "sha256:6788d73ba1ea67897b0129e44a3b712807c9d23e6f897ca17d4e275c2098a7a5",
                "sha256:7b848ee04035231a6d6d901407381a4752504b5bf904f01c2e3d401e66511699",
                "sha256:8397f168f541f5488f741eab21510eea08a87afc1a78444b0199f54cb020d8f3",
                "sha256:84cb912a3634d62dcbcc36bd56078eab6b3b349fe89272d87cb4e2c5031ddf75",
                "sha256:9c330a7683da766e227fd1abc747bcfe23196f20cc7a1ada53acbb152c82768e",
                "sha256:9cce9598288f1a74375d950f5c86c0c982df75eee122502caad8fbbd7270447b",
                "sha256:a1deb93199a19f0d7994c229315f25ee07bc71cc910c73f9f1f861254b86ef6d",
                "sha256:a43e91744cf517c7bd44dbea0957401455d7b7f78bd1d3b25b95d4ebe1631bf3",
                "sha256:a7f53b944b11978b20b3103c0130ea296379c0f31a13722a7cdd013dd3442701",
                "sha256:ae48dded9e01bd68e3da4b8ee79425ccd9e3fd74be83e633962a8048d207bbf8",
                "sha256:b24c8413dc08b88c46c13a64fcae770002812e6f622093c4fb00503cc806e5a9",
                "sha256:c69ee9f9955b47d5a927947dcf22aa2b2d337c8fd88419cf2484cbee5af10c52",
                "sha256:cde55f7b0bae27556913108b437c1cfd8e0e484ffd6ff3322c5f5d0bfcbe41a0",
                "sha256:fb728e58378083935d2c0ef28cf2478ff625138d3a29ecff65661f1541724573"
            ],
            "version": "==5.18.3"
        },
        "pytz": {
            "hashes": [
                "sha256:a494d53b6d39c3c6e44c3bec237336e14305e4f29bbf800b599253057fbb79ed",
                "sha256:c35965d010ce31b23eeb663ed3cc8c906275d6be1a34393a1d73a41febf4a048"
            ],
            "version": "==2020.1"
        },
        "rfc3986": {
            "extras": [
                "idna2008"
            ],
            "hashes": [
                "sha256:112398da31a3344dc25dbf477d8df6cb34f9278a94fee2625d89e4514be8bb9d",
                "sha256:af9147e9aceda37c91a05f4deb128d4b4b49d6b199775fd2d2927768abdc8f50"
            ],
            "version": "==1.4.0"
        },
        "rich": {
            "hashes": [
                "sha256:f99c877277906e1ff83b135c564920590ba31188f424dcdb5d1cae652a519b4b",
                "sha256:fa55d5d6ba9a0df1f1c95518891b57b13f1d45548a9a198a87b093fceee513ec"
            ],
            "version": "==6.2.0"
        },
        "ruamel.yaml": {
            "hashes": [
                "sha256:012b9470a0ea06e4e44e99e7920277edf6b46eee0232a04487ea73a7386340a5",
                "sha256:076cc0bc34f1966d920a49f18b52b6ad559fbe656a0748e3535cf7b3f29ebf9e"
            ],
            "version": "==0.16.12"
        },
        "ruamel.yaml.clib": {
            "hashes": [
                "sha256:058a1cc3df2a8aecc12f983a48bda99315cebf55a3b3a5463e37bb599b05727b",
                "sha256:2602e91bd5c1b874d6f93d3086f9830f3e907c543c7672cf293a97c3fabdcd91",
                "sha256:28116f204103cb3a108dfd37668f20abe6e3cafd0d3fd40dba126c732457b3cc",
                "sha256:2d24bd98af676f4990c4d715bcdc2a60b19c56a3fb3a763164d2d8ca0e806ba7",
                "sha256:30dca9bbcbb1cc858717438218d11eafb78666759e5094dd767468c0d577a7e7",
                "sha256:44c7b0498c39f27795224438f1a6be6c5352f82cb887bc33d962c3a3acc00df6",
                "sha256:464e66a04e740d754170be5e740657a3b3b6d2bcc567f0c3437879a6e6087ff6",
                "sha256:4df5019e7783d14b79217ad9c56edf1ba7485d614ad5a385d1b3c768635c81c0",
                "sha256:4e52c96ca66de04be42ea2278012a2342d89f5e82b4512fb6fb7134e377e2e62",
                "sha256:5254af7d8bdf4d5484c089f929cb7f5bafa59b4f01d4f48adda4be41e6d29f99",
                "sha256:52ae5739e4b5d6317b52f5b040b1b6639e8af68a5b8fd606a8b08658fbd0cab5",
                "sha256:53b9dd1abd70e257a6e32f934ebc482dac5edb8c93e23deb663eac724c30b026",
                "sha256:73b3d43e04cc4b228fa6fa5d796409ece6fcb53a6c270eb2048109cbcbc3b9c2",
                "sha256:74161d827407f4db9072011adcfb825b5258a5ccb3d2cd518dd6c9edea9e30f1",
                "sha256:839dd72545ef7ba78fd2aa1a5dd07b33696adf3e68fae7f31327161c1093001b",
                "sha256:8e8fd0a22c9d92af3a34f91e8a2594eeb35cba90ab643c5e0e643567dc8be43e",
                "sha256:a873e4d4954f865dcb60bdc4914af7eaae48fb56b60ed6daa1d6251c72f5337c",
                "sha256:ab845f1f51f7eb750a78937be9f79baea4a42c7960f5a94dde34e69f3cce1988",
                "sha256:b1e981fe1aff1fd11627f531524826a4dcc1f26c726235a52fcb62ded27d150f",
                "sha256:daf21aa33ee9b351f66deed30a3d450ab55c14242cfdfcd377798e2c0d25c9f1",
                "sha256:e9f7d1d8c26a6a12c23421061f9022bb62704e38211fe375c645485f38df34a2",
                "sha256:f6061a31880c1ed6b6ce341215336e2f3d0c1deccd84957b6fa8ca474b41e89f"
            ],
            "markers": "platform_python_implementation == 'CPython' and python_version < '3.9'",
            "version": "==0.2.2"
        },
        "six": {
            "hashes": [
                "sha256:30639c035cdb23534cd4aa2dd52c3bf48f06e5f4a941509c8bafd8ce11080259",
                "sha256:8b74bedcbbbaca38ff6d7491d76f2b06b3592611af620f8426e82dddb04a5ced"
            ],
            "version": "==1.15.0"
        },
        "sniffio": {
            "hashes": [
                "sha256:471b71698eac1c2112a40ce2752bb2f4a4814c22a54a3eed3676bc0f5ca9f663",
                "sha256:c4666eecec1d3f50960c6bdf61ab7bc350648da6c126e3cf6898d8cd4ddcd3de"
            ],
            "version": "==1.2.0"
        },
        "swiglpk": {
            "hashes": [
                "sha256:0216db2930a6fe2c07ac7f0e28e76e9a2711a647836a3a4067113091c7ae221e",
                "sha256:0f8bc6f30ddbfc5dfcdf22c4efc027d504b542ef84ad29663ecbcbc56d0de35e",
                "sha256:1855e7646ce0b89d3e931c2d9eda868779fe7e81a017f69ad17c71b2982ae97f",
                "sha256:1b9245810ca3c9ab66b1e8e2d19277f2f3d99f1afccbff3000ce736387932e83",
                "sha256:1c6bc44cb8011d1e95e02db6a7df9588f3d95eb0f1e6118cbc43dfa54f288d63",
                "sha256:1cc3a59566591dc6f0fe43317b30c12c360651f83d614e68f9875ecb1fc433c3",
                "sha256:2b1dad93c39fed4002798a0d9e7d7b0ac95927bffba9557ff94d93e8a1f42284",
                "sha256:30a3500bd0e121a425ad8181deda35763c9138472c1aa8291aa359b32f01b085",
                "sha256:320f26cd59a367bb48546b6a44afcbf021869605cb32ac9d9bade79adda9d9c8",
                "sha256:3be158abf6ca501457cf1177933fbacc46a636a5d7ed86a8ef8f1049d62cc238",
                "sha256:3c6e313bf3f40b840fdffa875e274a21d9fac205ade6e433bbf9a01a8d3cdd58",
                "sha256:4a34bab9cfd4a1a931ee477e515b986ad77ded8ec14cadafbdf9060d1292cd99",
                "sha256:4d14d711bf28293c2b5743a061c24352dee4a30e88a046ed02433ee016e107eb",
                "sha256:5444f08ac1e20127190106504a1a06e56bc5edfe647cdfb4f6c3b3f46adc8b24",
                "sha256:5adbffc2e1f90c108c44f70629c325176cef610bf360de73586bf043c0e6b615",
                "sha256:5d93bd21e8b67af117f15dfecd8f657d2d21f6a6d5f0024ea8c0d60bb4671a86",
                "sha256:6285d3fd2ac35220e5281a76ee5e38e1b0ba60c6b597b41110d49d0a99b749af",
                "sha256:7f2f603a0e91a15e36e4cf4f62397b4ebc061e029113b1b759b3e8bbaa9c5b26",
                "sha256:8de91db1b6da9702e19542714203463b8cd85cdf88b70a1a8dbb9492f2c8877a",
                "sha256:911c3c1f84dc49f7d5219cd11c17d8b10d07e90cb15acf13ad3b2168565c2efc",
                "sha256:97fa1965c843979b6c4aaf84416a0749dd869cc78fadba825394b86450f71f73",
                "sha256:a98c382c83052074dac166c4163f2c5b11b82d23d1ca9a8fb8c12f71c2ffd6de",
                "sha256:aa5d878e53f8316f3b40cdd3f79293b871b4dd49e3bfa5c92b705c0eb8649290",
                "sha256:b33ba24ceadbc8db34009c50b068febe47f337787b7c4bc033a8184725b94f40",
                "sha256:b4d5ddd688b5d077dc3c7f3c16c0a0c6b92331a626a8655edd7a76a42566ee20",
                "sha256:be4381cbffbc660ce7fdcb6b7ddba9d35d065a2a0c1b029043caf0fcbdb0da90",
                "sha256:c1ccbb15b6a81b66dde4a7752f96e972ea2848eb6cf9914b94e26bd8272c9abc",
                "sha256:c229956dd6ed0ce37893c56b9182f0c23b293303fe1e8e4c8e4561f37fa286a6",
                "sha256:d27a6a58a5179fb044eef66ed4b809652fdb1d485c0252a5037ceaab73099ee0",
                "sha256:d9d01eed8f2a9d10180a86a8f80008c607149c8d1179e163d12f04827d5698b3",
                "sha256:e949d4c5c259aa38046eda5b3e7639227efd28145574a5549a842de19e1b415a",
                "sha256:eca95f2d3ec26c8a3598f859077ff4af319cc32d6aa28a43e8322d41a060a4c1",
                "sha256:f308ab9d3af41795e7704a77603d792fa262127c5c73d81a0d37792f73cc7afc"
            ],
            "version": "==4.65.1"
        },
        "sympy": {
            "hashes": [
                "sha256:0f6c5724a999eca02f4b453260b0c7151d6fa076313f441274db98bbf97ba8cd",
                "sha256:1cfadcc80506e4b793f5b088558ca1fcbeaec24cd6fc86f1fdccaa3ee1d48708"
            ],
            "version": "==1.6.2"
        },
        "typing-extensions": {
            "hashes": [
                "sha256:7cb407020f00f7bfc3cb3e7881628838e69d8f3fcab2f64742a5e76b2f841918",
                "sha256:99d4073b617d30288f569d3f13d2bd7548c3a7e4c8de87db09a9d29bb3a4a60c",
                "sha256:dafc7639cde7f1b6e1acc0f457842a83e722ccca8eef5270af2d74792619a89f"
            ],
            "version": "==3.7.4.3"
        },
        "zipp": {
            "hashes": [
                "sha256:64ad89efee774d1897a58607895d80789c59778ea02185dd846ac38394a8642b",
                "sha256:eed8ec0b8d1416b2ca33516a37a08892442f3954dee131e92cfd92d8fe3e7066"
            ],
            "markers": "python_version < '3.8'",
            "version": "==3.3.0"
        }
    },
    "develop": {}
}
